// !$*UTF8*$!
{
	archiveVersion = 1;
	classes = {
	};
	objectVersion = 77;
	objects = {

/* Begin PBXBuildFile section */
		0A0DC0819AAED728A0A51E7A /* StickyGridLayout in Frameworks */ = {isa = PBXBuildFile; productRef = 406960F081782E0E6F9CC3BE /* StickyGridLayout */; };
		658C6D139B9BEF2C004509F2 /* CitiesGridView.swift in Sources */ = {isa = PBXBuildFile; fileRef = 23320666231076ADEE08180A /* CitiesGridView.swift */; };
		670E124521592978122F7D88 /* GridCell.swift in Sources */ = {isa = PBXBuildFile; fileRef = DF5B528E28830F915063A610 /* GridCell.swift */; };
		DA17C14BDA05A8FA4D03C9E0 /* AppDelegate.swift in Sources */ = {isa = PBXBuildFile; fileRef = B7C970F3E0073FD1F6A2CCC0 /* AppDelegate.swift */; };
		DFED13189FC46565CE77185A /* DemoViewController.swift in Sources */ = {isa = PBXBuildFile; fileRef = 981BE3B80A13F81957A9B0A5 /* DemoViewController.swift */; };
/* End PBXBuildFile section */

/* Begin PBXFileReference section */
		23320666231076ADEE08180A /* CitiesGridView.swift */ = {isa = PBXFileReference; lastKnownFileType = sourcecode.swift; path = CitiesGridView.swift; sourceTree = "<group>"; };
		7279EC8C939D593E146970B8 /* StickyGridLayout */ = {isa = PBXFileReference; lastKnownFileType = folder; name = StickyGridLayout; path = ..; sourceTree = SOURCE_ROOT; };
		981BE3B80A13F81957A9B0A5 /* DemoViewController.swift */ = {isa = PBXFileReference; lastKnownFileType = sourcecode.swift; path = DemoViewController.swift; sourceTree = "<group>"; };
		99E6303E6B6AB465A4D71A08 /* StickyGridLayoutDemo.app */ = {isa = PBXFileReference; includeInIndex = 0; lastKnownFileType = wrapper.application; path = StickyGridLayoutDemo.app; sourceTree = BUILT_PRODUCTS_DIR; };
		B7C970F3E0073FD1F6A2CCC0 /* AppDelegate.swift */ = {isa = PBXFileReference; lastKnownFileType = sourcecode.swift; path = AppDelegate.swift; sourceTree = "<group>"; };
		DF5B528E28830F915063A610 /* GridCell.swift */ = {isa = PBXFileReference; lastKnownFileType = sourcecode.swift; path = GridCell.swift; sourceTree = "<group>"; };
/* End PBXFileReference section */

/* Begin PBXFrameworksBuildPhase section */
		A00C277F84049452C4F2141B /* Frameworks */ = {
			isa = PBXFrameworksBuildPhase;
			buildActionMask = 2147483647;
			files = (
				0A0DC0819AAED728A0A51E7A /* StickyGridLayout in Frameworks */,
			);
			runOnlyForDeploymentPostprocessing = 0;
		};
/* End PBXFrameworksBuildPhase section */

/* Begin PBXGroup section */
		03AFD19BFAC4604BDA37E07E /* Products */ = {
			isa = PBXGroup;
			children = (
				99E6303E6B6AB465A4D71A08 /* StickyGridLayoutDemo.app */,
			);
			name = Products;
			sourceTree = "<group>";
		};
		2651F72F4015CB359EF30F2E /* Packages */ = {
			isa = PBXGroup;
			children = (
				7279EC8C939D593E146970B8 /* StickyGridLayout */,
			);
			name = Packages;
			sourceTree = "<group>";
		};
		C36399D9F4CCDC9DD1B0668B = {
			isa = PBXGroup;
			children = (
				2651F72F4015CB359EF30F2E /* Packages */,
				ED6361838567E5087BEFE629 /* Sources */,
				03AFD19BFAC4604BDA37E07E /* Products */,
			);
			sourceTree = "<group>";
		};
		ED6361838567E5087BEFE629 /* Sources */ = {
			isa = PBXGroup;
			children = (
				B7C970F3E0073FD1F6A2CCC0 /* AppDelegate.swift */,
				23320666231076ADEE08180A /* CitiesGridView.swift */,
				981BE3B80A13F81957A9B0A5 /* DemoViewController.swift */,
				DF5B528E28830F915063A610 /* GridCell.swift */,
			);
			path = Sources;
			sourceTree = "<group>";
		};
/* End PBXGroup section */

/* Begin PBXNativeTarget section */
		D02B44049C20B997D17F8A24 /* StickyGridLayoutDemo */ = {
			isa = PBXNativeTarget;
			buildConfigurationList = 30E3F0C4F0214C8C726BD1A8 /* Build configuration list for PBXNativeTarget "StickyGridLayoutDemo" */;
			buildPhases = (
				C3E342E7615EFAF7ABE6CD03 /* Sources */,
				A00C277F84049452C4F2141B /* Frameworks */,
			);
			buildRules = (
			);
			dependencies = (
			);
			name = StickyGridLayoutDemo;
			packageProductDependencies = (
				406960F081782E0E6F9CC3BE /* StickyGridLayout */,
			);
			productName = StickyGridLayoutDemo;
			productReference = 99E6303E6B6AB465A4D71A08 /* StickyGridLayoutDemo.app */;
			productType = "com.apple.product-type.application";
		};
/* End PBXNativeTarget section */

/* Begin PBXProject section */
		72A1904F13499F609BB768B3 /* Project object */ = {
			isa = PBXProject;
			attributes = {
				BuildIndependentTargetsInParallel = YES;
				LastUpgradeCheck = 1430;
				TargetAttributes = {
				};
			};
			buildConfigurationList = 722E7983E028C2AF0130B208 /* Build configuration list for PBXProject "StickyGridLayoutDemo" */;
			developmentRegion = en;
			hasScannedForEncodings = 0;
			knownRegions = (
				Base,
				en,
			);
			mainGroup = C36399D9F4CCDC9DD1B0668B;
			minimizedProjectReferenceProxies = 1;
			packageReferences = (
				9FFE6A445A593E40A73214D3 /* XCLocalSwiftPackageReference ".." */,
			);
			preferredProjectObjectVersion = 77;
			productRefGroup = 03AFD19BFAC4604BDA37E07E /* Products */;
			projectDirPath = "";
			projectRoot = "";
			targets = (
				D02B44049C20B997D17F8A24 /* StickyGridLayoutDemo */,
			);
		};
/* End PBXProject section */

/* Begin PBXSourcesBuildPhase section */
		C3E342E7615EFAF7ABE6CD03 /* Sources */ = {
			isa = PBXSourcesBuildPhase;
			buildActionMask = 2147483647;
			files = (
				DA17C14BDA05A8FA4D03C9E0 /* AppDelegate.swift in Sources */,
				658C6D139B9BEF2C004509F2 /* CitiesGridView.swift in Sources */,
				DFED13189FC46565CE77185A /* DemoViewController.swift in Sources */,
				670E124521592978122F7D88 /* GridCell.swift in Sources */,
			);
			runOnlyForDeploymentPostprocessing = 0;
		};
/* End PBXSourcesBuildPhase section */

/* Begin XCBuildConfiguration section */
		1C5B0DECE900BEC057BEDC46 /* Debug */ = {
			isa = XCBuildConfiguration;
			buildSettings = {
				ASSETCATALOG_COMPILER_APPICON_NAME = AppIcon;
				CODE_SIGN_IDENTITY = "iPhone Developer";
				INFOPLIST_FILE = Info.plist;
				LD_RUNPATH_SEARCH_PATHS = (
					"$(inherited)",
					"@executable_path/Frameworks",
				);
				PRODUCT_BUNDLE_IDENTIFIER = com.mingfengho.StickyGridLayoutDemo;
				SDKROOT = iphoneos;
				TARGETED_DEVICE_FAMILY = "1,2";
			};
			name = Debug;
		};
		36344F2A564A16DBDB6EC603 /* Debug */ = {
			isa = XCBuildConfiguration;
			buildSettings = {
				ALWAYS_SEARCH_USER_PATHS = NO;
				CLANG_ANALYZER_NONNULL = YES;
				CLANG_ANALYZER_NUMBER_OBJECT_CONVERSION = YES_AGGRESSIVE;
				CLANG_CXX_LANGUAGE_STANDARD = "gnu++14";
				CLANG_CXX_LIBRARY = "libc++";
				CLANG_ENABLE_MODULES = YES;
				CLANG_ENABLE_OBJC_ARC = YES;
				CLANG_ENABLE_OBJC_WEAK = YES;
				CLANG_WARN_BLOCK_CAPTURE_AUTORELEASING = YES;
				CLANG_WARN_BOOL_CONVERSION = YES;
				CLANG_WARN_COMMA = YES;
				CLANG_WARN_CONSTANT_CONVERSION = YES;
				CLANG_WARN_DEPRECATED_OBJC_IMPLEMENTATIONS = YES;
				CLANG_WARN_DIRECT_OBJC_ISA_USAGE = YES_ERROR;
				CLANG_WARN_DOCUMENTATION_COMMENTS = YES;
				CLANG_WARN_EMPTY_BODY = YES;
				CLANG_WARN_ENUM_CONVERSION = YES;
				CLANG_WARN_INFINITE_RECURSION = YES;
				CLANG_WARN_INT_CONVERSION = YES;
				CLANG_WARN_NON_LITERAL_NULL_CONVERSION = YES;
				CLANG_WARN_OBJC_IMPLICIT_RETAIN_SELF = YES;
				CLANG_WARN_OBJC_LITERAL_CONVERSION = YES;
				CLANG_WARN_OBJC_ROOT_CLASS = YES_ERROR;
				CLANG_WARN_QUOTED_INCLUDE_IN_FRAMEWORK_HEADER = YES;
				CLANG_WARN_RANGE_LOOP_ANALYSIS = YES;
				CLANG_WARN_STRICT_PROTOTYPES = YES;
				CLANG_WARN_SUSPICIOUS_MOVE = YES;
				CLANG_WARN_UNGUARDED_AVAILABILITY = YES_AGGRESSIVE;
				CLANG_WARN_UNREACHABLE_CODE = YES;
				CLANG_WARN__DUPLICATE_METHOD_MATCH = YES;
				COPY_PHASE_STRIP = NO;
				DEBUG_INFORMATION_FORMAT = dwarf;
				ENABLE_STRICT_OBJC_MSGSEND = YES;
				ENABLE_TESTABILITY = YES;
				GCC_C_LANGUAGE_STANDARD = gnu11;
				GCC_DYNAMIC_NO_PIC = NO;
				GCC_NO_COMMON_BLOCKS = YES;
				GCC_OPTIMIZATION_LEVEL = 0;
				GCC_PREPROCESSOR_DEFINITIONS = (
					"$(inherited)",
					"DEBUG=1",
				);
				GCC_WARN_64_TO_32_BIT_CONVERSION = YES;
				GCC_WARN_ABOUT_RETURN_TYPE = YES_ERROR;
				GCC_WARN_UNDECLARED_SELECTOR = YES;
				GCC_WARN_UNINITIALIZED_AUTOS = YES_AGGRESSIVE;
				GCC_WARN_UNUSED_FUNCTION = YES;
				GCC_WARN_UNUSED_VARIABLE = YES;
				IPHONEOS_DEPLOYMENT_TARGET = 13.0;
				MTL_ENABLE_DEBUG_INFO = INCLUDE_SOURCE;
				MTL_FAST_MATH = YES;
				ONLY_ACTIVE_ARCH = YES;
				PRODUCT_NAME = "$(TARGET_NAME)";
				SDKROOT = iphoneos;
				SWIFT_ACTIVE_COMPILATION_CONDITIONS = DEBUG;
				SWIFT_OPTIMIZATION_LEVEL = "-Onone";
				SWIFT_VERSION = 5.0;
			};
			name = Debug;
		};
		6BB61514D932D3F0300D212C /* Release */ = {
			isa = XCBuildConfiguration;
			buildSettings = {
				ASSETCATALOG_COMPILER_APPICON_NAME = AppIcon;
				CODE_SIGN_IDENTITY = "iPhone Developer";
				INFOPLIST_FILE = Info.plist;
				LD_RUNPATH_SEARCH_PATHS = (
					"$(inherited)",
					"@executable_path/Frameworks",
				);
				PRODUCT_BUNDLE_IDENTIFIER = com.mingfengho.StickyGridLayoutDemo;
				SDKROOT = iphoneos;
				TARGETED_DEVICE_FAMILY = "1,2";
			};
			name = Release;
		};
		F53400C018347E993F95204F /* Release */ = {
			isa = XCBuildConfiguration;
			buildSettings = {
				ALWAYS_SEARCH_USER_PATHS = NO;
				CLANG_ANALYZER_NONNULL = YES;
				CLANG_ANALYZER_NUMBER_OBJECT_CONVERSION = YES_AGGRESSIVE;
				CLANG_CXX_LANGUAGE_STANDARD = "gnu++14";
				CLANG_CXX_LIBRARY = "libc++";
				CLANG_ENABLE_MODULES = YES;
				CLANG_ENABLE_OBJC_ARC = YES;
				CLANG_ENABLE_OBJC_WEAK = YES;
				CLANG_WARN_BLOCK_CAPTURE_AUTORELEASING = YES;
				CLANG_WARN_BOOL_CONVERSION = YES;
				CLANG_WARN_COMMA = YES;
				CLANG_WARN_CONSTANT_CONVERSION = YES;
				CLANG_WARN_DEPRECATED_OBJC_IMPLEMENTATIONS = YES;
				CLANG_WARN_DIRECT_OBJC_ISA_USAGE = YES_ERROR;
				CLANG_WARN_DOCUMENTATION_COMMENTS = YES;
				CLANG_WARN_EMPTY_BODY = YES;
				CLANG_WARN_ENUM_CONVERSION = YES;
				CLANG_WARN_INFINITE_RECURSION = YES;
				CLANG_WARN_INT_CONVERSION = YES;
				CLANG_WARN_NON_LITERAL_NULL_CONVERSION = YES;
				CLANG_WARN_OBJC_IMPLICIT_RETAIN_SELF = YES;
				CLANG_WARN_OBJC_LITERAL_CONVERSION = YES;
				CLANG_WARN_OBJC_ROOT_CLASS = YES_ERROR;
				CLANG_WARN_QUOTED_INCLUDE_IN_FRAMEWORK_HEADER = YES;
				CLANG_WARN_RANGE_LOOP_ANALYSIS = YES;
				CLANG_WARN_STRICT_PROTOTYPES = YES;
				CLANG_WARN_SUSPICIOUS_MOVE = YES;
				CLANG_WARN_UNGUARDED_AVAILABILITY = YES_AGGRESSIVE;
				CLANG_WARN_UNREACHABLE_CODE = YES;
				CLANG_WARN__DUPLICATE_METHOD_MATCH = YES;
				COPY_PHASE_STRIP = NO;
				DEBUG_INFORMATION_FORMAT = "dwarf-with-dsym";
				ENABLE_NS_ASSERTIONS = NO;
				ENABLE_STRICT_OBJC_MSGSEND = YES;
				GCC_C_LANGUAGE_STANDARD = gnu11;
				GCC_NO_COMMON_BLOCKS = YES;
				GCC_WARN_64_TO_32_BIT_CONVERSION = YES;
				GCC_WARN_ABOUT_RETURN_TYPE = YES_ERROR;
				GCC_WARN_UNDECLARED_SELECTOR = YES;
				GCC_WARN_UNINITIALIZED_AUTOS = YES_AGGRESSIVE;
				GCC_WARN_UNUSED_FUNCTION = YES;
				GCC_WARN_UNUSED_VARIABLE = YES;
				IPHONEOS_DEPLOYMENT_TARGET = 13.0;
				MTL_ENABLE_DEBUG_INFO = NO;
				MTL_FAST_MATH = YES;
				PRODUCT_NAME = "$(TARGET_NAME)";
				SDKROOT = iphoneos;
				SWIFT_COMPILATION_MODE = wholemodule;
				SWIFT_OPTIMIZATION_LEVEL = "-O";
				SWIFT_VERSION = 5.0;
			};
			name = Release;
		};
/* End XCBuildConfiguration section */

/* Begin XCConfigurationList section */
		30E3F0C4F0214C8C726BD1A8 /* Build configuration list for PBXNativeTarget "StickyGridLayoutDemo" */ = {
			isa = XCConfigurationList;
			buildConfigurations = (
				1C5B0DECE900BEC057BEDC46 /* Debug */,
				6BB61514D932D3F0300D212C /* Release */,
			);
			defaultConfigurationIsVisible = 0;
			defaultConfigurationName = Debug;
		};
		722E7983E028C2AF0130B208 /* Build configuration list for PBXProject "StickyGridLayoutDemo" */ = {
			isa = XCConfigurationList;
			buildConfigurations = (
				36344F2A564A16DBDB6EC603 /* Debug */,
				F53400C018347E993F95204F /* Release */,
			);
			defaultConfigurationIsVisible = 0;
			defaultConfigurationName = Debug;
		};
/* End XCConfigurationList section */

/* Begin XCLocalSwiftPackageReference section */
		9FFE6A445A593E40A73214D3 /* XCLocalSwiftPackageReference ".." */ = {
			isa = XCLocalSwiftPackageReference;
			relativePath = ..;
		};
/* End XCLocalSwiftPackageReference section */

/* Begin XCSwiftPackageProductDependency section */
		406960F081782E0E6F9CC3BE /* StickyGridLayout */ = {
			isa = XCSwiftPackageProductDependency;
			productName = StickyGridLayout;
		};
/* End XCSwiftPackageProductDependency section */
	};
	rootObject = 72A1904F13499F609BB768B3 /* Project object */;
}
